
Microsoft Visual Studio Solution File, Format Version 12.00
# Visual Studio Version 17
VisualStudioVersion = 17.0.31903.59
MinimumVisualStudioVersion = 10.0.40219.1
Project("{9A19103F-16F7-4668-BE54-9A1E7A4F7556}") = "NeonBlue.Expressions", "NeonBlue.Expressions\NeonBlue.Expressions.csproj", "{DA36A821-D418-45DE-92CB-C50BCBAE4C72}"
EndProject
Project("{9A19103F-16F7-4668-BE54-9A1E7A4F7556}") = "NeonBlue.Expressions.Tests", "NeonBlue.Expressions.Tests\NeonBlue.Expressions.Tests.csproj", "{0570E472-4FEB-49E7-AF4F-66EED9E3CD02}"
EndProject
Project("{2150E333-8FDC-42A3-9474-1A3956D46DE8}") = "Solution Items", "Solution Items", "{BC8BA186-125B-483A-B2DC-4A1876288731}"
	ProjectSection(SolutionItems) = preProject
		.editorconfig = .editorconfig
	EndProjectSection
EndProject
Project("{2150E333-8FDC-42A3-9474-1A3956D46DE8}") = "NeonBlue.Expressions.Examples", "NeonBlue.Expressions.Examples", "{3D556811-C215-494B-99F6-A9E70D9A9463}"
EndProject
Project("{FAE04EC0-301F-11D3-BF4B-00C04F79EFBC}") = "NeonBlue.Expressions.Examples.RuleEngine", "NeonBlue.Expressions.Examples\NeonBlue.Expressions.Examples.RuleEngine\NeonBlue.Expressions.Examples.RuleEngine.csproj", "{FB767DA6-CB6D-476F-987D-20A117D8E88D}"
EndProject
Global
	GlobalSection(SolutionConfigurationPlatforms) = preSolution
		Debug|Any CPU = Debug|Any CPU
		Release|Any CPU = Release|Any CPU
	EndGlobalSection
	GlobalSection(ProjectConfigurationPlatforms) = postSolution
		{DA36A821-D418-45DE-92CB-C50BCBAE4C72}.Debug|Any CPU.ActiveCfg = Debug|Any CPU
		{DA36A821-D418-45DE-92CB-C50BCBAE4C72}.Debug|Any CPU.Build.0 = Debug|Any CPU
		{DA36A821-D418-45DE-92CB-C50BCBAE4C72}.Release|Any CPU.ActiveCfg = Release|Any CPU
		{DA36A821-D418-45DE-92CB-C50BCBAE4C72}.Release|Any CPU.Build.0 = Release|Any CPU
		{0570E472-4FEB-49E7-AF4F-66EED9E3CD02}.Debug|Any CPU.ActiveCfg = Debug|Any CPU
		{0570E472-4FEB-49E7-AF4F-66EED9E3CD02}.Debug|Any CPU.Build.0 = Debug|Any CPU
		{0570E472-4FEB-49E7-AF4F-66EED9E3CD02}.Release|Any CPU.ActiveCfg = Release|Any CPU
		{0570E472-4FEB-49E7-AF4F-66EED9E3CD02}.Release|Any CPU.Build.0 = Release|Any CPU
		{FB767DA6-CB6D-476F-987D-20A117D8E88D}.Debug|Any CPU.ActiveCfg = Debug|Any CPU
		{FB767DA6-CB6D-476F-987D-20A117D8E88D}.Debug|Any CPU.Build.0 = Debug|Any CPU
		{FB767DA6-CB6D-476F-987D-20A117D8E88D}.Release|Any CPU.ActiveCfg = Release|Any CPU
		{FB767DA6-CB6D-476F-987D-20A117D8E88D}.Release|Any CPU.Build.0 = Release|Any CPU
	EndGlobalSection
	GlobalSection(SolutionProperties) = preSolution
		HideSolutionNode = FALSE
	EndGlobalSection
	GlobalSection(NestedProjects) = preSolution
		{FB767DA6-CB6D-476F-987D-20A117D8E88D} = {3D556811-C215-494B-99F6-A9E70D9A9463}
	EndGlobalSection
EndGlobal
